
Microsoft Visual Studio Solution File, Format Version 12.00
# Visual Studio Version 16
VisualStudioVersion = 16.0.28902.138
MinimumVisualStudioVersion = 10.0.40219.1
Project("{FAE04EC0-301F-11D3-BF4B-00C04F79EFBC}") = "api", "api.csproj", "{472DDD4E-B947-485C-B4A2-08F50D39BE0E}"
EndProject
Global
	GlobalSection(SolutionConfigurationPlatforms) = preSolution
		Debug|Any CPU = Debug|Any CPU
		Release|Any CPU = Release|Any CPU
	EndGlobalSection
	GlobalSection(ProjectConfigurationPlatforms) = postSolution
		{472DDD4E-B947-485C-B4A2-08F50D39BE0E}.Debug|Any CPU.ActiveCfg = Debug|Any CPU
		{472DDD4E-B947-485C-B4A2-08F50D39BE0E}.Debug|Any CPU.Build.0 = Debug|Any CPU
		{472DDD4E-B947-485C-B4A2-08F50D39BE0E}.Release|Any CPU.ActiveCfg = Release|Any CPU
		{472DDD4E-B947-485C-B4A2-08F50D39BE0E}.Release|Any CPU.Build.0 = Release|Any CPU
	EndGlobalSection
	GlobalSection(SolutionProperties) = preSolution
		HideSolutionNode = FALSE
	EndGlobalSection
	GlobalSection(ExtensibilityGlobals) = postSolution
		SolutionGuid = {56F5EDFD-0A92-4658-BAF9-CC44F5000BDF}
	EndGlobalSection
EndGlobal
